
Microsoft Visual Studio Solution File, Format Version 12.00
# Visual Studio Version 17
VisualStudioVersion = 17.11.35312.102
MinimumVisualStudioVersion = 10.0.40219.1
Project("{FAE04EC0-301F-11D3-BF4B-00C04F79EFBC}") = "DungeonCrawlerBC", "DungeonCrawlerBC.csproj", "{52EA50BD-B57B-4D57-B043-B1B43D024C36}"
EndProject
Global
	GlobalSection(SolutionConfigurationPlatforms) = preSolution
		Debug|Any CPU = Debug|Any CPU
		Release|Any CPU = Release|Any CPU
	EndGlobalSection
	GlobalSection(ProjectConfigurationPlatforms) = postSolution
		{52EA50BD-B57B-4D57-B043-B1B43D024C36}.Debug|Any CPU.ActiveCfg = Debug|Any CPU
		{52EA50BD-B57B-4D57-B043-B1B43D024C36}.Debug|Any CPU.Build.0 = Debug|Any CPU
		{52EA50BD-B57B-4D57-B043-B1B43D024C36}.Release|Any CPU.ActiveCfg = Release|Any CPU
		{52EA50BD-B57B-4D57-B043-B1B43D024C36}.Release|Any CPU.Build.0 = Release|Any CPU
	EndGlobalSection
	GlobalSection(SolutionProperties) = preSolution
		HideSolutionNode = FALSE
	EndGlobalSection
	GlobalSection(ExtensibilityGlobals) = postSolution
		SolutionGuid = {0323BEC5-FFA3-45DE-93EC-3116AE3A3A48}
	EndGlobalSection
EndGlobal
